
Microsoft Visual Studio Solution File, Format Version 12.00
# Visual Studio 15
VisualStudioVersion = 15.0.28307.489
MinimumVisualStudioVersion = 10.0.40219.1
Project("{FAE04EC0-301F-11D3-BF4B-00C04F79EFBC}") = "eTFV", "eTFV\eTFV.csproj", "{83626867-7842-4AED-9C20-A7BD02863F23}"
EndProject
Global
	GlobalSection(SolutionConfigurationPlatforms) = preSolution
		Debug|Any CPU = Debug|Any CPU
		Release|Any CPU = Release|Any CPU
	EndGlobalSection
	GlobalSection(ProjectConfigurationPlatforms) = postSolution
		{83626867-7842-4AED-9C20-A7BD02863F23}.Debug|Any CPU.ActiveCfg = Debug|Any CPU
		{83626867-7842-4AED-9C20-A7BD02863F23}.Debug|Any CPU.Build.0 = Debug|Any CPU
		{83626867-7842-4AED-9C20-A7BD02863F23}.Release|Any CPU.ActiveCfg = Release|Any CPU
		{83626867-7842-4AED-9C20-A7BD02863F23}.Release|Any CPU.Build.0 = Release|Any CPU
	EndGlobalSection
	GlobalSection(SolutionProperties) = preSolution
		HideSolutionNode = FALSE
	EndGlobalSection
	GlobalSection(ExtensibilityGlobals) = postSolution
		SolutionGuid = {1A023D9C-BD5B-4DBD-8622-9EB048C1A4BD}
	EndGlobalSection
EndGlobal
